
Microsoft Visual Studio Solution File, Format Version 12.00
# Visual Studio Version 17
VisualStudioVersion = 17.7.34031.279
MinimumVisualStudioVersion = 10.0.40219.1
Project("{FAE04EC0-301F-11D3-BF4B-00C04F79EFBC}") = "HELLO WORLD", "HELLO WORLD\HELLO WORLD.csproj", "{8985526E-9EF8-46C6-BAF6-D0F2095BFC70}"
EndProject
Global
	GlobalSection(SolutionConfigurationPlatforms) = preSolution
		Debug|Any CPU = Debug|Any CPU
		Release|Any CPU = Release|Any CPU
	EndGlobalSection
	GlobalSection(ProjectConfigurationPlatforms) = postSolution
		{8985526E-9EF8-46C6-BAF6-D0F2095BFC70}.Debug|Any CPU.ActiveCfg = Debug|Any CPU
		{8985526E-9EF8-46C6-BAF6-D0F2095BFC70}.Debug|Any CPU.Build.0 = Debug|Any CPU
		{8985526E-9EF8-46C6-BAF6-D0F2095BFC70}.Release|Any CPU.ActiveCfg = Release|Any CPU
		{8985526E-9EF8-46C6-BAF6-D0F2095BFC70}.Release|Any CPU.Build.0 = Release|Any CPU
	EndGlobalSection
	GlobalSection(SolutionProperties) = preSolution
		HideSolutionNode = FALSE
	EndGlobalSection
	GlobalSection(ExtensibilityGlobals) = postSolution
		SolutionGuid = {7FF909D2-2ECA-456E-B5FB-DE9FE4F8C2E6}
	EndGlobalSection
EndGlobal
